
Microsoft Visual Studio Solution File, Format Version 12.00
# Visual Studio Version 17
VisualStudioVersion = 17.5.002.0
MinimumVisualStudioVersion = 10.0.40219.1
Project("{9A19103F-16F7-4668-BE54-9A1E7A4F7556}") = "OOP_Homeworks", "OOP_Homeworks.csproj", "{DD449C9D-E7CF-49BA-9E27-304558BF6635}"
EndProject
Global
	GlobalSection(SolutionConfigurationPlatforms) = preSolution
		Debug|Any CPU = Debug|Any CPU
		Release|Any CPU = Release|Any CPU
	EndGlobalSection
	GlobalSection(ProjectConfigurationPlatforms) = postSolution
		{DD449C9D-E7CF-49BA-9E27-304558BF6635}.Debug|Any CPU.ActiveCfg = Debug|Any CPU
		{DD449C9D-E7CF-49BA-9E27-304558BF6635}.Debug|Any CPU.Build.0 = Debug|Any CPU
		{DD449C9D-E7CF-49BA-9E27-304558BF6635}.Release|Any CPU.ActiveCfg = Release|Any CPU
		{DD449C9D-E7CF-49BA-9E27-304558BF6635}.Release|Any CPU.Build.0 = Release|Any CPU
	EndGlobalSection
	GlobalSection(SolutionProperties) = preSolution
		HideSolutionNode = FALSE
	EndGlobalSection
	GlobalSection(ExtensibilityGlobals) = postSolution
		SolutionGuid = {1ED6707A-9467-47AE-BBE6-A3C95418E1D5}
	EndGlobalSection
EndGlobal
