
Microsoft Visual Studio Solution File, Format Version 12.00
# Visual Studio Version 17
VisualStudioVersion = 17.5.002.0
MinimumVisualStudioVersion = 10.0.40219.1
Project("{9A19103F-16F7-4668-BE54-9A1E7A4F7556}") = "Homework18_08_2024", "Homework18_08_2024.csproj", "{229221B6-0D5E-45AB-B63C-A1C22644FB31}"
EndProject
Global
	GlobalSection(SolutionConfigurationPlatforms) = preSolution
		Debug|Any CPU = Debug|Any CPU
		Release|Any CPU = Release|Any CPU
	EndGlobalSection
	GlobalSection(ProjectConfigurationPlatforms) = postSolution
		{229221B6-0D5E-45AB-B63C-A1C22644FB31}.Debug|Any CPU.ActiveCfg = Debug|Any CPU
		{229221B6-0D5E-45AB-B63C-A1C22644FB31}.Debug|Any CPU.Build.0 = Debug|Any CPU
		{229221B6-0D5E-45AB-B63C-A1C22644FB31}.Release|Any CPU.ActiveCfg = Release|Any CPU
		{229221B6-0D5E-45AB-B63C-A1C22644FB31}.Release|Any CPU.Build.0 = Release|Any CPU
	EndGlobalSection
	GlobalSection(SolutionProperties) = preSolution
		HideSolutionNode = FALSE
	EndGlobalSection
	GlobalSection(ExtensibilityGlobals) = postSolution
		SolutionGuid = {9DE476A2-EDB1-4CCB-956B-A47DBE1F2890}
	EndGlobalSection
EndGlobal
