
Microsoft Visual Studio Solution File, Format Version 12.00
# Visual Studio Version 17
VisualStudioVersion = 17.5.002.0
MinimumVisualStudioVersion = 10.0.40219.1
Project("{9A19103F-16F7-4668-BE54-9A1E7A4F7556}") = "soru1", "soru1\soru1.csproj", "{ED007DA4-8EE0-4C92-A478-FE4D697A2CE5}"
EndProject
Project("{9A19103F-16F7-4668-BE54-9A1E7A4F7556}") = "soru2", "soru2\soru2.csproj", "{9F1D6579-B026-4C9A-9224-FB3FE03AF371}"
EndProject
Project("{9A19103F-16F7-4668-BE54-9A1E7A4F7556}") = "soru5", "soru5\soru5.csproj", "{980F2BD4-668D-4FA0-9775-D8C27B806C36}"
EndProject
Project("{9A19103F-16F7-4668-BE54-9A1E7A4F7556}") = "soru4", "soru4\soru4.csproj", "{532EB66A-6831-49C0-BB0F-51D47F0E77A3}"
EndProject
Project("{9A19103F-16F7-4668-BE54-9A1E7A4F7556}") = "soru3", "soru3\soru3.csproj", "{B5737B38-3521-4071-88A3-E5B4E9A1F104}"
EndProject
Global
	GlobalSection(SolutionConfigurationPlatforms) = preSolution
		Debug|Any CPU = Debug|Any CPU
		Release|Any CPU = Release|Any CPU
	EndGlobalSection
	GlobalSection(ProjectConfigurationPlatforms) = postSolution
		{ED007DA4-8EE0-4C92-A478-FE4D697A2CE5}.Debug|Any CPU.ActiveCfg = Debug|Any CPU
		{ED007DA4-8EE0-4C92-A478-FE4D697A2CE5}.Debug|Any CPU.Build.0 = Debug|Any CPU
		{ED007DA4-8EE0-4C92-A478-FE4D697A2CE5}.Release|Any CPU.ActiveCfg = Release|Any CPU
		{ED007DA4-8EE0-4C92-A478-FE4D697A2CE5}.Release|Any CPU.Build.0 = Release|Any CPU
		{9F1D6579-B026-4C9A-9224-FB3FE03AF371}.Debug|Any CPU.ActiveCfg = Debug|Any CPU
		{9F1D6579-B026-4C9A-9224-FB3FE03AF371}.Debug|Any CPU.Build.0 = Debug|Any CPU
		{9F1D6579-B026-4C9A-9224-FB3FE03AF371}.Release|Any CPU.ActiveCfg = Release|Any CPU
		{9F1D6579-B026-4C9A-9224-FB3FE03AF371}.Release|Any CPU.Build.0 = Release|Any CPU
		{980F2BD4-668D-4FA0-9775-D8C27B806C36}.Debug|Any CPU.ActiveCfg = Debug|Any CPU
		{980F2BD4-668D-4FA0-9775-D8C27B806C36}.Debug|Any CPU.Build.0 = Debug|Any CPU
		{980F2BD4-668D-4FA0-9775-D8C27B806C36}.Release|Any CPU.ActiveCfg = Release|Any CPU
		{980F2BD4-668D-4FA0-9775-D8C27B806C36}.Release|Any CPU.Build.0 = Release|Any CPU
		{532EB66A-6831-49C0-BB0F-51D47F0E77A3}.Debug|Any CPU.ActiveCfg = Debug|Any CPU
		{532EB66A-6831-49C0-BB0F-51D47F0E77A3}.Debug|Any CPU.Build.0 = Debug|Any CPU
		{532EB66A-6831-49C0-BB0F-51D47F0E77A3}.Release|Any CPU.ActiveCfg = Release|Any CPU
		{532EB66A-6831-49C0-BB0F-51D47F0E77A3}.Release|Any CPU.Build.0 = Release|Any CPU
		{B5737B38-3521-4071-88A3-E5B4E9A1F104}.Debug|Any CPU.ActiveCfg = Debug|Any CPU
		{B5737B38-3521-4071-88A3-E5B4E9A1F104}.Debug|Any CPU.Build.0 = Debug|Any CPU
		{B5737B38-3521-4071-88A3-E5B4E9A1F104}.Release|Any CPU.ActiveCfg = Release|Any CPU
		{B5737B38-3521-4071-88A3-E5B4E9A1F104}.Release|Any CPU.Build.0 = Release|Any CPU
	EndGlobalSection
	GlobalSection(SolutionProperties) = preSolution
		HideSolutionNode = FALSE
	EndGlobalSection
	GlobalSection(ExtensibilityGlobals) = postSolution
		SolutionGuid = {D5173CCB-5E21-49B2-898E-AD8D3FD6EC2A}
	EndGlobalSection
EndGlobal
